// !$*UTF8*$!
{
	archiveVersion = 1;
	classes = {
	};
	objectVersion = 56;
	objects = {

/* Begin PBXBuildFile section */
		443F37DB29890E2A00DB5CFD /* AppDelegate.m in Sources */ = {isa = PBXBuildFile; fileRef = 443F37DA29890E2A00DB5CFD /* AppDelegate.m */; };
		443F37DE29890E2B00DB5CFD /* SceneDelegate.m in Sources */ = {isa = PBXBuildFile; fileRef = 443F37DD29890E2B00DB5CFD /* SceneDelegate.m */; };
		443F37E129890E2B00DB5CFD /* ViewController.m in Sources */ = {isa = PBXBuildFile; fileRef = 443F37E029890E2B00DB5CFD /* ViewController.m */; };
		443F37E429890E2B00DB5CFD /* Main.storyboard in Resources */ = {isa = PBXBuildFile; fileRef = 443F37E229890E2B00DB5CFD /* Main.storyboard */; };
		443F37E629890E2C00DB5CFD /* Assets.xcassets in Resources */ = {isa = PBXBuildFile; fileRef = 443F37E529890E2C00DB5CFD /* Assets.xcassets */; };
		443F37E929890E2C00DB5CFD /* LaunchScreen.storyboard in Resources */ = {isa = PBXBuildFile; fileRef = 443F37E729890E2C00DB5CFD /* LaunchScreen.storyboard */; };
		443F37EC29890E2C00DB5CFD /* main.m in Sources */ = {isa = PBXBuildFile; fileRef = 443F37EB29890E2C00DB5CFD /* main.m */; };
		443F380029890EF500DB5CFD /* XDXCameraModel.m in Sources */ = {isa = PBXBuildFile; fileRef = 443F37F629890EF500DB5CFD /* XDXCameraModel.m */; };
		443F380129890EF500DB5CFD /* XDXCameraHandler.m in Sources */ = {isa = PBXBuildFile; fileRef = 443F37F929890EF500DB5CFD /* XDXCameraHandler.m */; };
		443F380229890EF500DB5CFD /* EncodeViewController.mm in Sources */ = {isa = PBXBuildFile; fileRef = 443F37FA29890EF500DB5CFD /* EncodeViewController.mm */; };
		443F380329890EF500DB5CFD /* XDXVideoEncoder.m in Sources */ = {isa = PBXBuildFile; fileRef = 443F37FE29890EF500DB5CFD /* XDXVideoEncoder.m */; };
/* End PBXBuildFile section */

/* Begin PBXFileReference section */
		443F37D629890E2A00DB5CFD /* SpeedyAVCoder.app */ = {isa = PBXFileReference; explicitFileType = wrapper.application; includeInIndex = 0; path = SpeedyAVCoder.app; sourceTree = BUILT_PRODUCTS_DIR; };
		443F37D929890E2A00DB5CFD /* AppDelegate.h */ = {isa = PBXFileReference; lastKnownFileType = sourcecode.c.h; path = AppDelegate.h; sourceTree = "<group>"; };
		443F37DA29890E2A00DB5CFD /* AppDelegate.m */ = {isa = PBXFileReference; lastKnownFileType = sourcecode.c.objc; path = AppDelegate.m; sourceTree = "<group>"; };
		443F37DC29890E2A00DB5CFD /* SceneDelegate.h */ = {isa = PBXFileReference; lastKnownFileType = sourcecode.c.h; path = SceneDelegate.h; sourceTree = "<group>"; };
		443F37DD29890E2B00DB5CFD /* SceneDelegate.m */ = {isa = PBXFileReference; lastKnownFileType = sourcecode.c.objc; path = SceneDelegate.m; sourceTree = "<group>"; };
		443F37DF29890E2B00DB5CFD /* ViewController.h */ = {isa = PBXFileReference; lastKnownFileType = sourcecode.c.h; path = ViewController.h; sourceTree = "<group>"; };
		443F37E029890E2B00DB5CFD /* ViewController.m */ = {isa = PBXFileReference; lastKnownFileType = sourcecode.c.objc; path = ViewController.m; sourceTree = "<group>"; };
		443F37E329890E2B00DB5CFD /* Base */ = {isa = PBXFileReference; lastKnownFileType = file.storyboard; name = Base; path = Base.lproj/Main.storyboard; sourceTree = "<group>"; };
		443F37E529890E2C00DB5CFD /* Assets.xcassets */ = {isa = PBXFileReference; lastKnownFileType = folder.assetcatalog; path = Assets.xcassets; sourceTree = "<group>"; };
		443F37E829890E2C00DB5CFD /* Base */ = {isa = PBXFileReference; lastKnownFileType = file.storyboard; name = Base; path = Base.lproj/LaunchScreen.storyboard; sourceTree = "<group>"; };
		443F37EA29890E2C00DB5CFD /* Info.plist */ = {isa = PBXFileReference; lastKnownFileType = text.plist.xml; path = Info.plist; sourceTree = "<group>"; };
		443F37EB29890E2C00DB5CFD /* main.m */ = {isa = PBXFileReference; lastKnownFileType = sourcecode.c.objc; path = main.m; sourceTree = "<group>"; };
		443F37F329890EEE00DB5CFD /* log4cplus.h */ = {isa = PBXFileReference; fileEncoding = 4; lastKnownFileType = sourcecode.c.h; path = log4cplus.h; sourceTree = "<group>"; };
		443F37F629890EF500DB5CFD /* XDXCameraModel.m */ = {isa = PBXFileReference; fileEncoding = 4; lastKnownFileType = sourcecode.c.objc; path = XDXCameraModel.m; sourceTree = "<group>"; };
		443F37F729890EF500DB5CFD /* XDXCameraHandler.h */ = {isa = PBXFileReference; fileEncoding = 4; lastKnownFileType = sourcecode.c.h; path = XDXCameraHandler.h; sourceTree = "<group>"; };
		443F37F829890EF500DB5CFD /* XDXCameraModel.h */ = {isa = PBXFileReference; fileEncoding = 4; lastKnownFileType = sourcecode.c.h; path = XDXCameraModel.h; sourceTree = "<group>"; };
		443F37F929890EF500DB5CFD /* XDXCameraHandler.m */ = {isa = PBXFileReference; fileEncoding = 4; lastKnownFileType = sourcecode.c.objc; path = XDXCameraHandler.m; sourceTree = "<group>"; };
		443F37FA29890EF500DB5CFD /* EncodeViewController.mm */ = {isa = PBXFileReference; fileEncoding = 4; lastKnownFileType = sourcecode.cpp.objcpp; path = EncodeViewController.mm; sourceTree = "<group>"; };
		443F37FB29890EF500DB5CFD /* EncodeViewController.h */ = {isa = PBXFileReference; fileEncoding = 4; lastKnownFileType = sourcecode.c.h; path = EncodeViewController.h; sourceTree = "<group>"; };
		443F37FD29890EF500DB5CFD /* XDXVideoEncoder.h */ = {isa = PBXFileReference; fileEncoding = 4; lastKnownFileType = sourcecode.c.h; path = XDXVideoEncoder.h; sourceTree = "<group>"; };
		443F37FE29890EF500DB5CFD /* XDXVideoEncoder.m */ = {isa = PBXFileReference; fileEncoding = 4; lastKnownFileType = sourcecode.c.objc; path = XDXVideoEncoder.m; sourceTree = "<group>"; };
/* End PBXFileReference section */

/* Begin PBXFrameworksBuildPhase section */
		443F37D329890E2A00DB5CFD /* Frameworks */ = {
			isa = PBXFrameworksBuildPhase;
			buildActionMask = 2147483647;
			files = (
			);
			runOnlyForDeploymentPostprocessing = 0;
		};
/* End PBXFrameworksBuildPhase section */

/* Begin PBXGroup section */
		443F37CD29890E2A00DB5CFD = {
			isa = PBXGroup;
			children = (
				443F37D829890E2A00DB5CFD /* SpeedyAVCoder */,
				443F37D729890E2A00DB5CFD /* Products */,
			);
			sourceTree = "<group>";
		};
		443F37D729890E2A00DB5CFD /* Products */ = {
			isa = PBXGroup;
			children = (
				443F37D629890E2A00DB5CFD /* SpeedyAVCoder.app */,
			);
			name = Products;
			sourceTree = "<group>";
		};
		443F37D829890E2A00DB5CFD /* SpeedyAVCoder */ = {
			isa = PBXGroup;
			children = (
				443F37F429890EF500DB5CFD /* XDXVideoEncoder */,
				443F37F229890EEE00DB5CFD /* 3rd */,
				443F37D929890E2A00DB5CFD /* AppDelegate.h */,
				443F37DA29890E2A00DB5CFD /* AppDelegate.m */,
				443F37DC29890E2A00DB5CFD /* SceneDelegate.h */,
				443F37DD29890E2B00DB5CFD /* SceneDelegate.m */,
				443F37DF29890E2B00DB5CFD /* ViewController.h */,
				443F37E029890E2B00DB5CFD /* ViewController.m */,
				443F37E229890E2B00DB5CFD /* Main.storyboard */,
				443F37E529890E2C00DB5CFD /* Assets.xcassets */,
				443F37E729890E2C00DB5CFD /* LaunchScreen.storyboard */,
				443F37EA29890E2C00DB5CFD /* Info.plist */,
				443F37EB29890E2C00DB5CFD /* main.m */,
			);
			path = SpeedyAVCoder;
			sourceTree = "<group>";
		};
		443F37F229890EEE00DB5CFD /* 3rd */ = {
			isa = PBXGroup;
			children = (
				443F37F329890EEE00DB5CFD /* log4cplus.h */,
			);
			path = 3rd;
			sourceTree = "<group>";
		};
		443F37F429890EF500DB5CFD /* XDXVideoEncoder */ = {
			isa = PBXGroup;
			children = (
				443F37F529890EF500DB5CFD /* Camera Module */,
				443F37FB29890EF500DB5CFD /* EncodeViewController.h */,
				443F37FA29890EF500DB5CFD /* EncodeViewController.mm */,
				443F37FC29890EF500DB5CFD /* Video Encoder */,
			);
			path = XDXVideoEncoder;
			sourceTree = "<group>";
		};
		443F37F529890EF500DB5CFD /* Camera Module */ = {
			isa = PBXGroup;
			children = (
				443F37F729890EF500DB5CFD /* XDXCameraHandler.h */,
				443F37F929890EF500DB5CFD /* XDXCameraHandler.m */,
				443F37F829890EF500DB5CFD /* XDXCameraModel.h */,
				443F37F629890EF500DB5CFD /* XDXCameraModel.m */,
			);
			path = "Camera Module";
			sourceTree = "<group>";
		};
		443F37FC29890EF500DB5CFD /* Video Encoder */ = {
			isa = PBXGroup;
			children = (
				443F37FD29890EF500DB5CFD /* XDXVideoEncoder.h */,
				443F37FE29890EF500DB5CFD /* XDXVideoEncoder.m */,
			);
			path = "Video Encoder";
			sourceTree = "<group>";
		};
/* End PBXGroup section */

/* Begin PBXNativeTarget section */
		443F37D529890E2A00DB5CFD /* SpeedyAVCoder */ = {
			isa = PBXNativeTarget;
			buildConfigurationList = 443F37EF29890E2C00DB5CFD /* Build configuration list for PBXNativeTarget "SpeedyAVCoder" */;
			buildPhases = (
				443F37D229890E2A00DB5CFD /* Sources */,
				443F37D329890E2A00DB5CFD /* Frameworks */,
				443F37D429890E2A00DB5CFD /* Resources */,
			);
			buildRules = (
			);
			dependencies = (
			);
			name = SpeedyAVCoder;
			productName = SpeedyAVCoder;
			productReference = 443F37D629890E2A00DB5CFD /* SpeedyAVCoder.app */;
			productType = "com.apple.product-type.application";
		};
/* End PBXNativeTarget section */

/* Begin PBXProject section */
		443F37CE29890E2A00DB5CFD /* Project object */ = {
			isa = PBXProject;
			attributes = {
				BuildIndependentTargetsInParallel = 1;
				LastUpgradeCheck = 1400;
				TargetAttributes = {
					443F37D529890E2A00DB5CFD = {
						CreatedOnToolsVersion = 14.0;
					};
				};
			};
			buildConfigurationList = 443F37D129890E2A00DB5CFD /* Build configuration list for PBXProject "SpeedyAVCoder" */;
			compatibilityVersion = "Xcode 14.0";
			developmentRegion = en;
			hasScannedForEncodings = 0;
			knownRegions = (
				en,
				Base,
			);
			mainGroup = 443F37CD29890E2A00DB5CFD;
			productRefGroup = 443F37D729890E2A00DB5CFD /* Products */;
			projectDirPath = "";
			projectRoot = "";
			targets = (
				443F37D529890E2A00DB5CFD /* SpeedyAVCoder */,
			);
		};
/* End PBXProject section */

/* Begin PBXResourcesBuildPhase section */
		443F37D429890E2A00DB5CFD /* Resources */ = {
			isa = PBXResourcesBuildPhase;
			buildActionMask = 2147483647;
			files = (
				443F37E929890E2C00DB5CFD /* LaunchScreen.storyboard in Resources */,
				443F37E629890E2C00DB5CFD /* Assets.xcassets in Resources */,
				443F37E429890E2B00DB5CFD /* Main.storyboard in Resources */,
			);
			runOnlyForDeploymentPostprocessing = 0;
		};
/* End PBXResourcesBuildPhase section */

/* Begin PBXSourcesBuildPhase section */
		443F37D229890E2A00DB5CFD /* Sources */ = {
			isa = PBXSourcesBuildPhase;
			buildActionMask = 2147483647;
			files = (
				443F37E129890E2B00DB5CFD /* ViewController.m in Sources */,
				443F37DB29890E2A00DB5CFD /* AppDelegate.m in Sources */,
				443F380029890EF500DB5CFD /* XDXCameraModel.m in Sources */,
				443F37EC29890E2C00DB5CFD /* main.m in Sources */,
				443F380129890EF500DB5CFD /* XDXCameraHandler.m in Sources */,
				443F37DE29890E2B00DB5CFD /* SceneDelegate.m in Sources */,
				443F380229890EF500DB5CFD /* EncodeViewController.mm in Sources */,
				443F380329890EF500DB5CFD /* XDXVideoEncoder.m in Sources */,
			);
			runOnlyForDeploymentPostprocessing = 0;
		};
/* End PBXSourcesBuildPhase section */

/* Begin PBXVariantGroup section */
		443F37E229890E2B00DB5CFD /* Main.storyboard */ = {
			isa = PBXVariantGroup;
			children = (
				443F37E329890E2B00DB5CFD /* Base */,
			);
			name = Main.storyboard;
			sourceTree = "<group>";
		};
		443F37E729890E2C00DB5CFD /* LaunchScreen.storyboard */ = {
			isa = PBXVariantGroup;
			children = (
				443F37E829890E2C00DB5CFD /* Base */,
			);
			name = LaunchScreen.storyboard;
			sourceTree = "<group>";
		};
/* End PBXVariantGroup section */

/* Begin XCBuildConfiguration section */
		443F37ED29890E2C00DB5CFD /* Debug */ = {
			isa = XCBuildConfiguration;
			buildSettings = {
				ALWAYS_SEARCH_USER_PATHS = NO;
				CLANG_ANALYZER_NONNULL = YES;
				CLANG_ANALYZER_NUMBER_OBJECT_CONVERSION = YES_AGGRESSIVE;
				CLANG_CXX_LANGUAGE_STANDARD = "gnu++20";
				CLANG_ENABLE_MODULES = YES;
				CLANG_ENABLE_OBJC_ARC = YES;
				CLANG_ENABLE_OBJC_WEAK = YES;
				CLANG_WARN_BLOCK_CAPTURE_AUTORELEASING = YES;
				CLANG_WARN_BOOL_CONVERSION = YES;
				CLANG_WARN_COMMA = YES;
				CLANG_WARN_CONSTANT_CONVERSION = YES;
				CLANG_WARN_DEPRECATED_OBJC_IMPLEMENTATIONS = YES;
				CLANG_WARN_DIRECT_OBJC_ISA_USAGE = YES_ERROR;
				CLANG_WARN_DOCUMENTATION_COMMENTS = YES;
				CLANG_WARN_EMPTY_BODY = YES;
				CLANG_WARN_ENUM_CONVERSION = YES;
				CLANG_WARN_INFINITE_RECURSION = YES;
				CLANG_WARN_INT_CONVERSION = YES;
				CLANG_WARN_NON_LITERAL_NULL_CONVERSION = YES;
				CLANG_WARN_OBJC_IMPLICIT_RETAIN_SELF = YES;
				CLANG_WARN_OBJC_LITERAL_CONVERSION = YES;
				CLANG_WARN_OBJC_ROOT_CLASS = YES_ERROR;
				CLANG_WARN_QUOTED_INCLUDE_IN_FRAMEWORK_HEADER = YES;
				CLANG_WARN_RANGE_LOOP_ANALYSIS = YES;
				CLANG_WARN_STRICT_PROTOTYPES = YES;
				CLANG_WARN_SUSPICIOUS_MOVE = YES;
				CLANG_WARN_UNGUARDED_AVAILABILITY = YES_AGGRESSIVE;
				CLANG_WARN_UNREACHABLE_CODE = YES;
				CLANG_WARN__DUPLICATE_METHOD_MATCH = YES;
				COPY_PHASE_STRIP = NO;
				DEBUG_INFORMATION_FORMAT = dwarf;
				ENABLE_STRICT_OBJC_MSGSEND = YES;
				ENABLE_TESTABILITY = YES;
				GCC_C_LANGUAGE_STANDARD = gnu11;
				GCC_DYNAMIC_NO_PIC = NO;
				GCC_NO_COMMON_BLOCKS = YES;
				GCC_OPTIMIZATION_LEVEL = 0;
				GCC_PREPROCESSOR_DEFINITIONS = (
					"DEBUG=1",
					"$(inherited)",
				);
				GCC_WARN_64_TO_32_BIT_CONVERSION = YES;
				GCC_WARN_ABOUT_RETURN_TYPE = YES_ERROR;
				GCC_WARN_UNDECLARED_SELECTOR = YES;
				GCC_WARN_UNINITIALIZED_AUTOS = YES_AGGRESSIVE;
				GCC_WARN_UNUSED_FUNCTION = YES;
				GCC_WARN_UNUSED_VARIABLE = YES;
				IPHONEOS_DEPLOYMENT_TARGET = 16.0;
				MTL_ENABLE_DEBUG_INFO = INCLUDE_SOURCE;
				MTL_FAST_MATH = YES;
				ONLY_ACTIVE_ARCH = YES;
				SDKROOT = iphoneos;
			};
			name = Debug;
		};
		443F37EE29890E2C00DB5CFD /* Release */ = {
			isa = XCBuildConfiguration;
			buildSettings = {
				ALWAYS_SEARCH_USER_PATHS = NO;
				CLANG_ANALYZER_NONNULL = YES;
				CLANG_ANALYZER_NUMBER_OBJECT_CONVERSION = YES_AGGRESSIVE;
				CLANG_CXX_LANGUAGE_STANDARD = "gnu++20";
				CLANG_ENABLE_MODULES = YES;
				CLANG_ENABLE_OBJC_ARC = YES;
				CLANG_ENABLE_OBJC_WEAK = YES;
				CLANG_WARN_BLOCK_CAPTURE_AUTORELEASING = YES;
				CLANG_WARN_BOOL_CONVERSION = YES;
				CLANG_WARN_COMMA = YES;
				CLANG_WARN_CONSTANT_CONVERSION = YES;
				CLANG_WARN_DEPRECATED_OBJC_IMPLEMENTATIONS = YES;
				CLANG_WARN_DIRECT_OBJC_ISA_USAGE = YES_ERROR;
				CLANG_WARN_DOCUMENTATION_COMMENTS = YES;
				CLANG_WARN_EMPTY_BODY = YES;
				CLANG_WARN_ENUM_CONVERSION = YES;
				CLANG_WARN_INFINITE_RECURSION = YES;
				CLANG_WARN_INT_CONVERSION = YES;
				CLANG_WARN_NON_LITERAL_NULL_CONVERSION = YES;
				CLANG_WARN_OBJC_IMPLICIT_RETAIN_SELF = YES;
				CLANG_WARN_OBJC_LITERAL_CONVERSION = YES;
				CLANG_WARN_OBJC_ROOT_CLASS = YES_ERROR;
				CLANG_WARN_QUOTED_INCLUDE_IN_FRAMEWORK_HEADER = YES;
				CLANG_WARN_RANGE_LOOP_ANALYSIS = YES;
				CLANG_WARN_STRICT_PROTOTYPES = YES;
				CLANG_WARN_SUSPICIOUS_MOVE = YES;
				CLANG_WARN_UNGUARDED_AVAILABILITY = YES_AGGRESSIVE;
				CLANG_WARN_UNREACHABLE_CODE = YES;
				CLANG_WARN__DUPLICATE_METHOD_MATCH = YES;
				COPY_PHASE_STRIP = NO;
				DEBUG_INFORMATION_FORMAT = "dwarf-with-dsym";
				ENABLE_NS_ASSERTIONS = NO;
				ENABLE_STRICT_OBJC_MSGSEND = YES;
				GCC_C_LANGUAGE_STANDARD = gnu11;
				GCC_NO_COMMON_BLOCKS = YES;
				GCC_WARN_64_TO_32_BIT_CONVERSION = YES;
				GCC_WARN_ABOUT_RETURN_TYPE = YES_ERROR;
				GCC_WARN_UNDECLARED_SELECTOR = YES;
				GCC_WARN_UNINITIALIZED_AUTOS = YES_AGGRESSIVE;
				GCC_WARN_UNUSED_FUNCTION = YES;
				GCC_WARN_UNUSED_VARIABLE = YES;
				IPHONEOS_DEPLOYMENT_TARGET = 16.0;
				MTL_ENABLE_DEBUG_INFO = NO;
				MTL_FAST_MATH = YES;
				SDKROOT = iphoneos;
				VALIDATE_PRODUCT = YES;
			};
			name = Release;
		};
		443F37F029890E2C00DB5CFD /* Debug */ = {
			isa = XCBuildConfiguration;
			buildSettings = {
				ASSETCATALOG_COMPILER_APPICON_NAME = AppIcon;
				ASSETCATALOG_COMPILER_GLOBAL_ACCENT_COLOR_NAME = AccentColor;
				CODE_SIGN_STYLE = Automatic;
				CURRENT_PROJECT_VERSION = 1;
				DEVELOPMENT_TEAM = V95KM6E24P;
				GENERATE_INFOPLIST_FILE = YES;
				INFOPLIST_FILE = SpeedyAVCoder/Info.plist;
				INFOPLIST_KEY_UIApplicationSupportsIndirectInputEvents = YES;
				INFOPLIST_KEY_UILaunchStoryboardName = LaunchScreen;
				INFOPLIST_KEY_UIMainStoryboardFile = Main;
				INFOPLIST_KEY_UISupportedInterfaceOrientations_iPad = "UIInterfaceOrientationPortrait UIInterfaceOrientationPortraitUpsideDown UIInterfaceOrientationLandscapeLeft UIInterfaceOrientationLandscapeRight";
				INFOPLIST_KEY_UISupportedInterfaceOrientations_iPhone = "UIInterfaceOrientationPortrait UIInterfaceOrientationLandscapeLeft UIInterfaceOrientationLandscapeRight";
				LD_RUNPATH_SEARCH_PATHS = (
					"$(inherited)",
					"@executable_path/Frameworks",
				);
				MARKETING_VERSION = 1.0;
				PRODUCT_BUNDLE_IDENTIFIER = top.tlien.SpeedyAVCoder;
				PRODUCT_NAME = "$(TARGET_NAME)";
				SWIFT_EMIT_LOC_STRINGS = YES;
				TARGETED_DEVICE_FAMILY = "1,2";
			};
			name = Debug;
		};
		443F37F129890E2C00DB5CFD /* Release */ = {
			isa = XCBuildConfiguration;
			buildSettings = {
				ASSETCATALOG_COMPILER_APPICON_NAME = AppIcon;
				ASSETCATALOG_COMPILER_GLOBAL_ACCENT_COLOR_NAME = AccentColor;
				CODE_SIGN_STYLE = Automatic;
				CURRENT_PROJECT_VERSION = 1;
				DEVELOPMENT_TEAM = V95KM6E24P;
				GENERATE_INFOPLIST_FILE = YES;
				INFOPLIST_FILE = SpeedyAVCoder/Info.plist;
				INFOPLIST_KEY_UIApplicationSupportsIndirectInputEvents = YES;
				INFOPLIST_KEY_UILaunchStoryboardName = LaunchScreen;
				INFOPLIST_KEY_UIMainStoryboardFile = Main;
				INFOPLIST_KEY_UISupportedInterfaceOrientations_iPad = "UIInterfaceOrientationPortrait UIInterfaceOrientationPortraitUpsideDown UIInterfaceOrientationLandscapeLeft UIInterfaceOrientationLandscapeRight";
				INFOPLIST_KEY_UISupportedInterfaceOrientations_iPhone = "UIInterfaceOrientationPortrait UIInterfaceOrientationLandscapeLeft UIInterfaceOrientationLandscapeRight";
				LD_RUNPATH_SEARCH_PATHS = (
					"$(inherited)",
					"@executable_path/Frameworks",
				);
				MARKETING_VERSION = 1.0;
				PRODUCT_BUNDLE_IDENTIFIER = top.tlien.SpeedyAVCoder;
				PRODUCT_NAME = "$(TARGET_NAME)";
				SWIFT_EMIT_LOC_STRINGS = YES;
				TARGETED_DEVICE_FAMILY = "1,2";
			};
			name = Release;
		};
/* End XCBuildConfiguration section */

/* Begin XCConfigurationList section */
		443F37D129890E2A00DB5CFD /* Build configuration list for PBXProject "SpeedyAVCoder" */ = {
			isa = XCConfigurationList;
			buildConfigurations = (
				443F37ED29890E2C00DB5CFD /* Debug */,
				443F37EE29890E2C00DB5CFD /* Release */,
			);
			defaultConfigurationIsVisible = 0;
			defaultConfigurationName = Release;
		};
		443F37EF29890E2C00DB5CFD /* Build configuration list for PBXNativeTarget "SpeedyAVCoder" */ = {
			isa = XCConfigurationList;
			buildConfigurations = (
				443F37F029890E2C00DB5CFD /* Debug */,
				443F37F129890E2C00DB5CFD /* Release */,
			);
			defaultConfigurationIsVisible = 0;
			defaultConfigurationName = Release;
		};
/* End XCConfigurationList section */
	};
	rootObject = 443F37CE29890E2A00DB5CFD /* Project object */;
}
